// !$*UTF8*$!
{
	archiveVersion = 1;
	classes = {
	};
	objectVersion = 56;
	objects = {

/* Begin PBXBuildFile section */
		A1B2C3D4E5F60718293A0011 /* RoomWiseScannerApp.swift in Sources */ = {isa = PBXBuildFile; fileRef = A1B2C3D4E5F60718293A0001 /* RoomWiseScannerApp.swift */; };
		A1B2C3D4E5F60718293A0012 /* ContentView.swift in Sources */ = {isa = PBXBuildFile; fileRef = A1B2C3D4E5F60718293A0002 /* ContentView.swift */; };
		A1B2C3D4E5F60718293A0013 /* RoomCaptureContainerView.swift in Sources */ = {isa = PBXBuildFile; fileRef = A1B2C3D4E5F60718293A0003 /* RoomCaptureContainerView.swift */; };
		A1B2C3D4E5F60718293A0014 /* RoomJSONExporter.swift in Sources */ = {isa = PBXBuildFile; fileRef = A1B2C3D4E5F60718293A0004 /* RoomJSONExporter.swift */; };
		A1B2C3D4E5F60718293A0015 /* RoomPlan.framework in Frameworks */ = {isa = PBXBuildFile; fileRef = A1B2C3D4E5F60718293A0007 /* RoomPlan.framework */; };
		A1B2C3D4E5F60718293A0016 /* Assets.xcassets in Resources */ = {isa = PBXBuildFile; fileRef = A1B2C3D4E5F60718293A0009 /* Assets.xcassets */; };
/* End PBXBuildFile section */

/* Begin PBXFileReference section */
		A1B2C3D4E5F60718293A0001 /* RoomWiseScannerApp.swift */ = {isa = PBXFileReference; lastKnownFileType = sourcecode.swift; path = RoomWiseScannerApp.swift; sourceTree = "<group>"; };
		A1B2C3D4E5F60718293A0002 /* ContentView.swift */ = {isa = PBXFileReference; lastKnownFileType = sourcecode.swift; path = ContentView.swift; sourceTree = "<group>"; };
		A1B2C3D4E5F60718293A0003 /* RoomCaptureContainerView.swift */ = {isa = PBXFileReference; lastKnownFileType = sourcecode.swift; path = RoomCaptureContainerView.swift; sourceTree = "<group>"; };
		A1B2C3D4E5F60718293A0004 /* RoomJSONExporter.swift */ = {isa = PBXFileReference; lastKnownFileType = sourcecode.swift; path = RoomJSONExporter.swift; sourceTree = "<group>"; };
		A1B2C3D4E5F60718293A0005 /* Info.plist */ = {isa = PBXFileReference; lastKnownFileType = text.plist.xml; path = Info.plist; sourceTree = "<group>"; };
		A1B2C3D4E5F60718293A0006 /* RoomWiseScanner.entitlements */ = {isa = PBXFileReference; lastKnownFileType = text.plist.entitlements; path = RoomWiseScanner.entitlements; sourceTree = "<group>"; };
		A1B2C3D4E5F60718293A0007 /* RoomPlan.framework */ = {isa = PBXFileReference; lastKnownFileType = wrapper.framework; name = RoomPlan.framework; path = System/Library/Frameworks/RoomPlan.framework; sourceTree = SDKROOT; };
		A1B2C3D4E5F60718293A0008 /* RoomWiseScanner.app */ = {isa = PBXFileReference; explicitFileType = wrapper.application; includeInIndex = 0; path = RoomWiseScanner.app; sourceTree = BUILT_PRODUCTS_DIR; };
		A1B2C3D4E5F60718293A0009 /* Assets.xcassets */ = {isa = PBXFileReference; lastKnownFileType = folder.assetcatalog; path = Assets.xcassets; sourceTree = "<group>"; };
/* End PBXFileReference section */

/* Begin PBXFrameworksBuildPhase section */
		A1B2C3D4E5F60718293A0101 /* Frameworks */ = {
			isa = PBXFrameworksBuildPhase;
			buildActionMask = 2147483647;
			files = (
				A1B2C3D4E5F60718293A0015 /* RoomPlan.framework in Frameworks */,
			);
			runOnlyForDeploymentPostprocessing = 0;
		};
/* End PBXFrameworksBuildPhase section */

/* Begin PBXGroup section */
		A1B2C3D4E5F60718293A0201 = {
			isa = PBXGroup;
			children = (
				A1B2C3D4E5F60718293A0202 /* RoomWiseScanner */,
				A1B2C3D4E5F60718293A0203 /* Frameworks */,
				A1B2C3D4E5F60718293A0204 /* Products */,
			);
			sourceTree = "<group>";
		};
		A1B2C3D4E5F60718293A0202 /* RoomWiseScanner */ = {
			isa = PBXGroup;
			children = (
				A1B2C3D4E5F60718293A0001 /* RoomWiseScannerApp.swift */,
				A1B2C3D4E5F60718293A0002 /* ContentView.swift */,
				A1B2C3D4E5F60718293A0003 /* RoomCaptureContainerView.swift */,
				A1B2C3D4E5F60718293A0004 /* RoomJSONExporter.swift */,
				A1B2C3D4E5F60718293A0009 /* Assets.xcassets */,
				A1B2C3D4E5F60718293A0005 /* Info.plist */,
				A1B2C3D4E5F60718293A0006 /* RoomWiseScanner.entitlements */,
			);
			path = RoomWiseScanner;
			sourceTree = "<group>";
		};
		A1B2C3D4E5F60718293A0203 /* Frameworks */ = {
			isa = PBXGroup;
			children = (
				A1B2C3D4E5F60718293A0007 /* RoomPlan.framework */,
			);
			name = Frameworks;
			sourceTree = "<group>";
		};
		A1B2C3D4E5F60718293A0204 /* Products */ = {
			isa = PBXGroup;
			children = (
				A1B2C3D4E5F60718293A0008 /* RoomWiseScanner.app */,
			);
			name = Products;
			sourceTree = "<group>";
		};
/* End PBXGroup section */

/* Begin PBXNativeTarget section */
		A1B2C3D4E5F60718293A0301 /* RoomWiseScanner */ = {
			isa = PBXNativeTarget;
			buildConfigurationList = A1B2C3D4E5F60718293A0402 /* Build configuration list for PBXNativeTarget "RoomWiseScanner" */;
			buildPhases = (
				A1B2C3D4E5F60718293A0102 /* Sources */,
				A1B2C3D4E5F60718293A0101 /* Frameworks */,
				A1B2C3D4E5F60718293A0103 /* Resources */,
			);
			buildRules = (
			);
			dependencies = (
			);
			name = RoomWiseScanner;
			productName = RoomWiseScanner;
			productReference = A1B2C3D4E5F60718293A0008 /* RoomWiseScanner.app */;
			productType = "com.apple.product-type.application";
		};
/* End PBXNativeTarget section */

/* Begin PBXProject section */
		A1B2C3D4E5F60718293A0302 /* Project object */ = {
			isa = PBXProject;
			attributes = {
				BuildIndependentTargetsInParallel = 1;
				LastSwiftUpdateCheck = 1540;
				LastUpgradeCheck = 1540;
				TargetAttributes = {
					A1B2C3D4E5F60718293A0301 = {
						CreatedOnToolsVersion = 15.4;
					};
				};
			};
			buildConfigurationList = A1B2C3D4E5F60718293A0401 /* Build configuration list for PBXProject "RoomWiseScanner" */;
			compatibilityVersion = "Xcode 14.0";
			developmentRegion = en;
			hasScannedForEncodings = 0;
			knownRegions = (
				en,
				Base,
			);
			mainGroup = A1B2C3D4E5F60718293A0201;
			productRefGroup = A1B2C3D4E5F60718293A0204 /* Products */;
			projectDirPath = "";
			projectRoot = "";
			targets = (
				A1B2C3D4E5F60718293A0301 /* RoomWiseScanner */,
			);
		};
/* End PBXProject section */

/* Begin PBXResourcesBuildPhase section */
		A1B2C3D4E5F60718293A0103 /* Resources */ = {
			isa = PBXResourcesBuildPhase;
			buildActionMask = 2147483647;
			files = (
				A1B2C3D4E5F60718293A0016 /* Assets.xcassets in Resources */,
			);
			runOnlyForDeploymentPostprocessing = 0;
		};
/* End PBXResourcesBuildPhase section */

/* Begin PBXSourcesBuildPhase section */
		A1B2C3D4E5F60718293A0102 /* Sources */ = {
			isa = PBXSourcesBuildPhase;
			buildActionMask = 2147483647;
			files = (
				A1B2C3D4E5F60718293A0012 /* ContentView.swift in Sources */,
				A1B2C3D4E5F60718293A0014 /* RoomJSONExporter.swift in Sources */,
				A1B2C3D4E5F60718293A0013 /* RoomCaptureContainerView.swift in Sources */,
				A1B2C3D4E5F60718293A0011 /* RoomWiseScannerApp.swift in Sources */,
			);
			runOnlyForDeploymentPostprocessing = 0;
		};
/* End PBXSourcesBuildPhase section */

/* Begin XCBuildConfiguration section */
		A1B2C3D4E5F60718293A0501 /* Debug */ = {
			isa = XCBuildConfiguration;
			buildSettings = {
				ALWAYS_SEARCH_USER_PATHS = NO;
				CLANG_ENABLE_MODULES = YES;
				IPHONEOS_DEPLOYMENT_TARGET = 17.0;
				SDKROOT = iphoneos;
			};
			name = Debug;
		};
		A1B2C3D4E5F60718293A0502 /* Release */ = {
			isa = XCBuildConfiguration;
			buildSettings = {
				ALWAYS_SEARCH_USER_PATHS = NO;
				CLANG_ENABLE_MODULES = YES;
				IPHONEOS_DEPLOYMENT_TARGET = 17.0;
				SDKROOT = iphoneos;
			};
			name = Release;
		};
		A1B2C3D4E5F60718293A0601 /* Debug */ = {
			isa = XCBuildConfiguration;
			buildSettings = {
				ASSETCATALOG_COMPILER_APPICON_NAME = AppIcon;
				CODE_SIGN_ENTITLEMENTS = RoomWiseScanner/RoomWiseScanner.entitlements;
				CODE_SIGN_STYLE = Automatic;
				CURRENT_PROJECT_VERSION = 1;
				GENERATE_INFOPLIST_FILE = NO;
				INFOPLIST_FILE = RoomWiseScanner/Info.plist;
				IPHONEOS_DEPLOYMENT_TARGET = 17.0;
				LD_RUNPATH_SEARCH_PATHS = (
					"$(inherited)",
					"@executable_path/Frameworks",
				);
				MARKETING_VERSION = 1.0;
				PRODUCT_BUNDLE_IDENTIFIER = org.cosformula.roomwise;
				DEVELOPMENT_TEAM = YZD945Y6PX;
				PRODUCT_NAME = "$(TARGET_NAME)";
				SDKROOT = iphoneos;
				SUPPORTED_PLATFORMS = "iphoneos iphonesimulator";
				SWIFT_VERSION = 5.0;
				TARGETED_DEVICE_FAMILY = "1,2";
			};
			name = Debug;
		};
		A1B2C3D4E5F60718293A0602 /* Release */ = {
			isa = XCBuildConfiguration;
			buildSettings = {
				ASSETCATALOG_COMPILER_APPICON_NAME = AppIcon;
				CODE_SIGN_ENTITLEMENTS = RoomWiseScanner/RoomWiseScanner.entitlements;
				CODE_SIGN_STYLE = Automatic;
				CURRENT_PROJECT_VERSION = 1;
				GENERATE_INFOPLIST_FILE = NO;
				INFOPLIST_FILE = RoomWiseScanner/Info.plist;
				IPHONEOS_DEPLOYMENT_TARGET = 17.0;
				LD_RUNPATH_SEARCH_PATHS = (
					"$(inherited)",
					"@executable_path/Frameworks",
				);
				MARKETING_VERSION = 1.0;
				PRODUCT_BUNDLE_IDENTIFIER = org.cosformula.roomwise;
				DEVELOPMENT_TEAM = YZD945Y6PX;
				PRODUCT_NAME = "$(TARGET_NAME)";
				SDKROOT = iphoneos;
				SUPPORTED_PLATFORMS = "iphoneos iphonesimulator";
				SWIFT_VERSION = 5.0;
				TARGETED_DEVICE_FAMILY = "1,2";
			};
			name = Release;
		};
/* End XCBuildConfiguration section */

/* Begin XCConfigurationList section */
		A1B2C3D4E5F60718293A0401 /* Build configuration list for PBXProject "RoomWiseScanner" */ = {
			isa = XCConfigurationList;
			buildConfigurations = (
				A1B2C3D4E5F60718293A0501 /* Debug */,
				A1B2C3D4E5F60718293A0502 /* Release */,
			);
			defaultConfigurationIsVisible = 0;
			defaultConfigurationName = Release;
		};
		A1B2C3D4E5F60718293A0402 /* Build configuration list for PBXNativeTarget "RoomWiseScanner" */ = {
			isa = XCConfigurationList;
			buildConfigurations = (
				A1B2C3D4E5F60718293A0601 /* Debug */,
				A1B2C3D4E5F60718293A0602 /* Release */,
			);
			defaultConfigurationIsVisible = 0;
			defaultConfigurationName = Release;
		};
/* End XCConfigurationList section */
	};
	rootObject = A1B2C3D4E5F60718293A0302 /* Project object */;
}
